
Microsoft Visual Studio Solution File, Format Version 12.00
# Visual Studio Version 16
VisualStudioVersion = 16.0.29318.209
MinimumVisualStudioVersion = 10.0.40219.1
Project("{2150E333-8FDC-42A3-9474-1A3956D46DE8}") = "Solution Items", "Solution Items", "{7DFFF81E-B30E-4830-B37E-1393457B4628}"
	ProjectSection(SolutionItems) = preProject
		Directory.Build.props = Directory.Build.props
		Directory.Build.targets = Directory.Build.targets
	EndProjectSection
EndProject
Project("{9A19103F-16F7-4668-BE54-9A1E7A4F7556}") = "Data.Imaging", "Data\Imaging\Data.Imaging.csproj", "{E0F3A4DD-74B3-4D88-B945-26236C6FA7BA}"
EndProject
Project("{9A19103F-16F7-4668-BE54-9A1E7A4F7556}") = "Data.Imaging.Bmp", "Data\Imaging.Bmp\Data.Imaging.Bmp.csproj", "{58983E4F-E7AA-4657-8613-2348E1A2D140}"
EndProject
Project("{9A19103F-16F7-4668-BE54-9A1E7A4F7556}") = "Data.Imaging.Contracts", "Data\Imaging.Contracts\Data.Imaging.Contracts.csproj", "{F34BB946-74BF-4E47-BA84-8755174D2080}"
EndProject
Project("{9A19103F-16F7-4668-BE54-9A1E7A4F7556}") = "Domain.Imaging", "Domain\Imaging\Domain.Imaging.csproj", "{5228AAAF-8F5F-4AA1-9928-ABB31D3ED348}"
EndProject
Project("{9A19103F-16F7-4668-BE54-9A1E7A4F7556}") = "Domain.Imaging.Contracts", "Domain\Imaging.Contracts\Domain.Imaging.Contracts.csproj", "{94358A93-813B-4308-B861-D5CBB9D9EFB0}"
EndProject
Project("{2150E333-8FDC-42A3-9474-1A3956D46DE8}") = "Build", "Build", "{E3DCF593-AFEA-4920-B0AE-7124EB50844D}"
	ProjectSection(SolutionItems) = preProject
		.Build\Copyright.props = .Build\Copyright.props
		.Build\CustomCode.snk = .Build\CustomCode.snk
		.Build\Documentation.props = .Build\Documentation.props
		.Build\NonNullableReferenceTypes.props = .Build\NonNullableReferenceTypes.props
		.Build\Nuget.props = .Build\Nuget.props
		.Build\Nuget.targets = .Build\Nuget.targets
		.Build\Signing.props = .Build\Signing.props
		.Build\Versioning.props = .Build\Versioning.props
	EndProjectSection
EndProject
Project("{2150E333-8FDC-42A3-9474-1A3956D46DE8}") = "NuGet", "NuGet", "{B6C86E2A-19D5-49E5-A465-D22D459E72DF}"
	ProjectSection(SolutionItems) = preProject
		.nuget\NuGet.config = .nuget\NuGet.config
	EndProjectSection
EndProject
Project("{2150E333-8FDC-42A3-9474-1A3956D46DE8}") = "Style Guides", "Style Guides", "{7B08702B-109D-4C94-AF55-A1386E2DB2EE}"
	ProjectSection(SolutionItems) = preProject
		.editorconfig = .editorconfig
	EndProjectSection
EndProject
Project("{9A19103F-16F7-4668-BE54-9A1E7A4F7556}") = "Test.Domain.Imaging.Contracts", "Test\Domain\Imaging.Contracts\Test.Domain.Imaging.Contracts.csproj", "{0D8FF012-16D5-4FFC-B823-A8554ADCF58C}"
EndProject
Project("{9A19103F-16F7-4668-BE54-9A1E7A4F7556}") = "Test.Data.Imaging", "Test\Data\Imaging\Test.Data.Imaging.csproj", "{955DBAA4-86C0-4418-AF6C-24E270B16D98}"
EndProject
Project("{9A19103F-16F7-4668-BE54-9A1E7A4F7556}") = "Test.Data.Imaging.Bmp", "Test\Data\Imaging.Bmp\Test.Data.Imaging.Bmp.csproj", "{7013F3CC-3A83-483A-AE1D-B9D696A031F1}"
EndProject
Project("{9A19103F-16F7-4668-BE54-9A1E7A4F7556}") = "Test.Domain.Imaging", "Test\Domain\Imaging\Test.Domain.Imaging.csproj", "{3AF35725-F7A5-4344-A12E-EECF8417A3A5}"
EndProject
Global
	GlobalSection(SolutionConfigurationPlatforms) = preSolution
		Debug|Any CPU = Debug|Any CPU
		Release|Any CPU = Release|Any CPU
	EndGlobalSection
	GlobalSection(ProjectConfigurationPlatforms) = postSolution
		{E0F3A4DD-74B3-4D88-B945-26236C6FA7BA}.Debug|Any CPU.ActiveCfg = Debug|Any CPU
		{E0F3A4DD-74B3-4D88-B945-26236C6FA7BA}.Debug|Any CPU.Build.0 = Debug|Any CPU
		{E0F3A4DD-74B3-4D88-B945-26236C6FA7BA}.Release|Any CPU.ActiveCfg = Release|Any CPU
		{E0F3A4DD-74B3-4D88-B945-26236C6FA7BA}.Release|Any CPU.Build.0 = Release|Any CPU
		{58983E4F-E7AA-4657-8613-2348E1A2D140}.Debug|Any CPU.ActiveCfg = Debug|Any CPU
		{58983E4F-E7AA-4657-8613-2348E1A2D140}.Debug|Any CPU.Build.0 = Debug|Any CPU
		{58983E4F-E7AA-4657-8613-2348E1A2D140}.Release|Any CPU.ActiveCfg = Release|Any CPU
		{58983E4F-E7AA-4657-8613-2348E1A2D140}.Release|Any CPU.Build.0 = Release|Any CPU
		{F34BB946-74BF-4E47-BA84-8755174D2080}.Debug|Any CPU.ActiveCfg = Debug|Any CPU
		{F34BB946-74BF-4E47-BA84-8755174D2080}.Debug|Any CPU.Build.0 = Debug|Any CPU
		{F34BB946-74BF-4E47-BA84-8755174D2080}.Release|Any CPU.ActiveCfg = Release|Any CPU
		{F34BB946-74BF-4E47-BA84-8755174D2080}.Release|Any CPU.Build.0 = Release|Any CPU
		{5228AAAF-8F5F-4AA1-9928-ABB31D3ED348}.Debug|Any CPU.ActiveCfg = Debug|Any CPU
		{5228AAAF-8F5F-4AA1-9928-ABB31D3ED348}.Debug|Any CPU.Build.0 = Debug|Any CPU
		{5228AAAF-8F5F-4AA1-9928-ABB31D3ED348}.Release|Any CPU.ActiveCfg = Release|Any CPU
		{5228AAAF-8F5F-4AA1-9928-ABB31D3ED348}.Release|Any CPU.Build.0 = Release|Any CPU
		{94358A93-813B-4308-B861-D5CBB9D9EFB0}.Debug|Any CPU.ActiveCfg = Debug|Any CPU
		{94358A93-813B-4308-B861-D5CBB9D9EFB0}.Debug|Any CPU.Build.0 = Debug|Any CPU
		{94358A93-813B-4308-B861-D5CBB9D9EFB0}.Release|Any CPU.ActiveCfg = Release|Any CPU
		{94358A93-813B-4308-B861-D5CBB9D9EFB0}.Release|Any CPU.Build.0 = Release|Any CPU
		{0D8FF012-16D5-4FFC-B823-A8554ADCF58C}.Debug|Any CPU.ActiveCfg = Debug|Any CPU
		{0D8FF012-16D5-4FFC-B823-A8554ADCF58C}.Debug|Any CPU.Build.0 = Debug|Any CPU
		{0D8FF012-16D5-4FFC-B823-A8554ADCF58C}.Release|Any CPU.ActiveCfg = Release|Any CPU
		{0D8FF012-16D5-4FFC-B823-A8554ADCF58C}.Release|Any CPU.Build.0 = Release|Any CPU
		{955DBAA4-86C0-4418-AF6C-24E270B16D98}.Debug|Any CPU.ActiveCfg = Debug|Any CPU
		{955DBAA4-86C0-4418-AF6C-24E270B16D98}.Debug|Any CPU.Build.0 = Debug|Any CPU
		{955DBAA4-86C0-4418-AF6C-24E270B16D98}.Release|Any CPU.ActiveCfg = Release|Any CPU
		{955DBAA4-86C0-4418-AF6C-24E270B16D98}.Release|Any CPU.Build.0 = Release|Any CPU
		{7013F3CC-3A83-483A-AE1D-B9D696A031F1}.Debug|Any CPU.ActiveCfg = Debug|Any CPU
		{7013F3CC-3A83-483A-AE1D-B9D696A031F1}.Debug|Any CPU.Build.0 = Debug|Any CPU
		{7013F3CC-3A83-483A-AE1D-B9D696A031F1}.Release|Any CPU.ActiveCfg = Release|Any CPU
		{7013F3CC-3A83-483A-AE1D-B9D696A031F1}.Release|Any CPU.Build.0 = Release|Any CPU
		{3AF35725-F7A5-4344-A12E-EECF8417A3A5}.Debug|Any CPU.ActiveCfg = Debug|Any CPU
		{3AF35725-F7A5-4344-A12E-EECF8417A3A5}.Debug|Any CPU.Build.0 = Debug|Any CPU
		{3AF35725-F7A5-4344-A12E-EECF8417A3A5}.Release|Any CPU.ActiveCfg = Release|Any CPU
		{3AF35725-F7A5-4344-A12E-EECF8417A3A5}.Release|Any CPU.Build.0 = Release|Any CPU
	EndGlobalSection
	GlobalSection(SolutionProperties) = preSolution
		HideSolutionNode = FALSE
	EndGlobalSection
	GlobalSection(NestedProjects) = preSolution
		{E3DCF593-AFEA-4920-B0AE-7124EB50844D} = {7DFFF81E-B30E-4830-B37E-1393457B4628}
		{B6C86E2A-19D5-49E5-A465-D22D459E72DF} = {7DFFF81E-B30E-4830-B37E-1393457B4628}
		{7B08702B-109D-4C94-AF55-A1386E2DB2EE} = {7DFFF81E-B30E-4830-B37E-1393457B4628}
	EndGlobalSection
	GlobalSection(ExtensibilityGlobals) = postSolution
		SolutionGuid = {06DF7CA2-7671-4862-A34A-256B32A91EE6}
	EndGlobalSection
EndGlobal
